PODS:
  - Differentiator (4.0.1)
  - Kingfisher (5.3.1)
  - ParticleIOS (0.0.1):
    - TVNExtensions
  - RxCocoa (5.0.0):
    - RxRelay (~> 5)
    - RxSwift (~> 5)
  - RxDataSources (4.0.1):
    - Differentiator (~> 4.0)
    - RxCocoa (~> 5.0)
    - RxSwift (~> 5.0)
  - RxRelay (5.0.0):
    - RxSwift (~> 5)
  - RxSwift (5.0.0)
  - SnapKit (4.2.0)
  - TlvParser (0.0.1)
  - TVNExtensions (0.0.1):
    - TVNExtensions/Lite (= 0.0.1)
  - TVNExtensions/Foundation (0.0.1)
  - TVNExtensions/Helper (0.0.1):
    - TVNExtensions/UIKit
  - TVNExtensions/Kingfisher (0.0.1):
    - Kingfisher (~> 5.3.1)
  - TVNExtensions/Lite (0.0.1):
    - TVNExtensions/Foundation
    - TVNExtensions/Helper
    - TVNExtensions/UIKit
  - TVNExtensions/Rx (0.0.1):
    - RxCocoa
    - RxSwift
    - TVNExtensions/Foundation
    - TVNExtensions/Helper
    - TVNExtensions/UIKit
  - TVNExtensions/UIKit (0.0.1)

DEPENDENCIES:
  - ParticleIOS (from `../.`)
  - RxDataSources
  - SnapKit
  - TlvParser (from `../.`)
  - TVNExtensions (from `../.`)
  - TVNExtensions/Kingfisher (from `../.`)
  - TVNExtensions/Rx (from `../.`)

SPEC REPOS:
  trunk:
    - Differentiator
    - Kingfisher
    - RxCocoa
    - RxDataSources
    - RxRelay
    - RxSwift
    - SnapKit

EXTERNAL SOURCES:
  ParticleIOS:
    :path: "../."
  TlvParser:
    :path: "../."
  TVNExtensions:
    :path: "../."

SPEC CHECKSUMS:
  Differentiator: 886080237d9f87f322641dedbc5be257061b0602
  Kingfisher: d9e7e0b209b59b8f9873aa2f37654e81a7beea51
  ParticleIOS: 28dca137c53f06c85acb662f0666b1df299a1b18
  RxCocoa: fcf32050ac00d801f34a7f71d5e8e7f23026dcd8
  RxDataSources: efee07fa4de48477eca0a4611e6d11e2da9c1114
  RxRelay: 4f7409406a51a55cd88483f21ed898c234d60f18
  RxSwift: 8b0671caa829a763bbce7271095859121cbd895f
  SnapKit: fe8a619752f3f27075cc9a90244d75c6c3f27e2a
  TlvParser: 3cd8e545cc0252de34e6bd318446a461eff6f8f0
  TVNExtensions: ebd41b80b548605a09de026817a6a37f40790fae

PODFILE CHECKSUM: 7820b7e5f034a5c7d8d43e124880347c40396026

COCOAPODS: 1.8.4
